
Microsoft Visual Studio Solution File, Format Version 12.00
# Visual Studio 15
VisualStudioVersion = 15.0.26124.0
MinimumVisualStudioVersion = 15.0.26124.0
Project("{FAE04EC0-301F-11D3-BF4B-00C04F79EFBC}") = "HP_BL", "HP_BL\HP_BL.csproj", "{76D5A0BD-10B3-4804-99F0-E58DAECECF6B}"
EndProject
Project("{FAE04EC0-301F-11D3-BF4B-00C04F79EFBC}") = "HP_DAL", "HP_DAL\HP_DAL.csproj", "{304712D3-C769-4144-A922-0144EB31C226}"
EndProject
Project("{FAE04EC0-301F-11D3-BF4B-00C04F79EFBC}") = "HP_Persistence", "HP_Persistence\HP_Persistence.csproj", "{0FF8D620-C6C7-41A8-8066-3BC8CD5CBAEB}"
EndProject
Project("{FAE04EC0-301F-11D3-BF4B-00C04F79EFBC}") = "HP_PLConsole", "HP_PLConsole\HP_PLConsole.csproj", "{F8E2CE79-5FE4-4DBF-B8E5-9F2E6CF067F9}"
EndProject
Project("{FAE04EC0-301F-11D3-BF4B-00C04F79EFBC}") = "HP_BLTest", "HP_BLTest\HP_BLTest.csproj", "{C18DD576-99D5-45BB-9650-B7278DC9851E}"
EndProject
Project("{FAE04EC0-301F-11D3-BF4B-00C04F79EFBC}") = "HP_DALTest", "HP_DALTest\HP_DALTest.csproj", "{7F0EF17B-60A4-42FE-AE60-8DCE127422A5}"
EndProject
Global
	GlobalSection(SolutionConfigurationPlatforms) = preSolution
		Debug|Any CPU = Debug|Any CPU
		Debug|x64 = Debug|x64
		Debug|x86 = Debug|x86
		Release|Any CPU = Release|Any CPU
		Release|x64 = Release|x64
		Release|x86 = Release|x86
	EndGlobalSection
	GlobalSection(SolutionProperties) = preSolution
		HideSolutionNode = FALSE
	EndGlobalSection
	GlobalSection(ProjectConfigurationPlatforms) = postSolution
		{76D5A0BD-10B3-4804-99F0-E58DAECECF6B}.Debug|Any CPU.ActiveCfg = Debug|Any CPU
		{76D5A0BD-10B3-4804-99F0-E58DAECECF6B}.Debug|Any CPU.Build.0 = Debug|Any CPU
		{76D5A0BD-10B3-4804-99F0-E58DAECECF6B}.Debug|x64.ActiveCfg = Debug|Any CPU
		{76D5A0BD-10B3-4804-99F0-E58DAECECF6B}.Debug|x64.Build.0 = Debug|Any CPU
		{76D5A0BD-10B3-4804-99F0-E58DAECECF6B}.Debug|x86.ActiveCfg = Debug|Any CPU
		{76D5A0BD-10B3-4804-99F0-E58DAECECF6B}.Debug|x86.Build.0 = Debug|Any CPU
		{76D5A0BD-10B3-4804-99F0-E58DAECECF6B}.Release|Any CPU.ActiveCfg = Release|Any CPU
		{76D5A0BD-10B3-4804-99F0-E58DAECECF6B}.Release|Any CPU.Build.0 = Release|Any CPU
		{76D5A0BD-10B3-4804-99F0-E58DAECECF6B}.Release|x64.ActiveCfg = Release|Any CPU
		{76D5A0BD-10B3-4804-99F0-E58DAECECF6B}.Release|x64.Build.0 = Release|Any CPU
		{76D5A0BD-10B3-4804-99F0-E58DAECECF6B}.Release|x86.ActiveCfg = Release|Any CPU
		{76D5A0BD-10B3-4804-99F0-E58DAECECF6B}.Release|x86.Build.0 = Release|Any CPU
		{304712D3-C769-4144-A922-0144EB31C226}.Debug|Any CPU.ActiveCfg = Debug|Any CPU
		{304712D3-C769-4144-A922-0144EB31C226}.Debug|Any CPU.Build.0 = Debug|Any CPU
		{304712D3-C769-4144-A922-0144EB31C226}.Debug|x64.ActiveCfg = Debug|Any CPU
		{304712D3-C769-4144-A922-0144EB31C226}.Debug|x64.Build.0 = Debug|Any CPU
		{304712D3-C769-4144-A922-0144EB31C226}.Debug|x86.ActiveCfg = Debug|Any CPU
		{304712D3-C769-4144-A922-0144EB31C226}.Debug|x86.Build.0 = Debug|Any CPU
		{304712D3-C769-4144-A922-0144EB31C226}.Release|Any CPU.ActiveCfg = Release|Any CPU
		{304712D3-C769-4144-A922-0144EB31C226}.Release|Any CPU.Build.0 = Release|Any CPU
		{304712D3-C769-4144-A922-0144EB31C226}.Release|x64.ActiveCfg = Release|Any CPU
		{304712D3-C769-4144-A922-0144EB31C226}.Release|x64.Build.0 = Release|Any CPU
		{304712D3-C769-4144-A922-0144EB31C226}.Release|x86.ActiveCfg = Release|Any CPU
		{304712D3-C769-4144-A922-0144EB31C226}.Release|x86.Build.0 = Release|Any CPU
		{0FF8D620-C6C7-41A8-8066-3BC8CD5CBAEB}.Debug|Any CPU.ActiveCfg = Debug|Any CPU
		{0FF8D620-C6C7-41A8-8066-3BC8CD5CBAEB}.Debug|Any CPU.Build.0 = Debug|Any CPU
		{0FF8D620-C6C7-41A8-8066-3BC8CD5CBAEB}.Debug|x64.ActiveCfg = Debug|Any CPU
		{0FF8D620-C6C7-41A8-8066-3BC8CD5CBAEB}.Debug|x64.Build.0 = Debug|Any CPU
		{0FF8D620-C6C7-41A8-8066-3BC8CD5CBAEB}.Debug|x86.ActiveCfg = Debug|Any CPU
		{0FF8D620-C6C7-41A8-8066-3BC8CD5CBAEB}.Debug|x86.Build.0 = Debug|Any CPU
		{0FF8D620-C6C7-41A8-8066-3BC8CD5CBAEB}.Release|Any CPU.ActiveCfg = Release|Any CPU
		{0FF8D620-C6C7-41A8-8066-3BC8CD5CBAEB}.Release|Any CPU.Build.0 = Release|Any CPU
		{0FF8D620-C6C7-41A8-8066-3BC8CD5CBAEB}.Release|x64.ActiveCfg = Release|Any CPU
		{0FF8D620-C6C7-41A8-8066-3BC8CD5CBAEB}.Release|x64.Build.0 = Release|Any CPU
		{0FF8D620-C6C7-41A8-8066-3BC8CD5CBAEB}.Release|x86.ActiveCfg = Release|Any CPU
		{0FF8D620-C6C7-41A8-8066-3BC8CD5CBAEB}.Release|x86.Build.0 = Release|Any CPU
		{F8E2CE79-5FE4-4DBF-B8E5-9F2E6CF067F9}.Debug|Any CPU.ActiveCfg = Debug|Any CPU
		{F8E2CE79-5FE4-4DBF-B8E5-9F2E6CF067F9}.Debug|Any CPU.Build.0 = Debug|Any CPU
		{F8E2CE79-5FE4-4DBF-B8E5-9F2E6CF067F9}.Debug|x64.ActiveCfg = Debug|Any CPU
		{F8E2CE79-5FE4-4DBF-B8E5-9F2E6CF067F9}.Debug|x64.Build.0 = Debug|Any CPU
		{F8E2CE79-5FE4-4DBF-B8E5-9F2E6CF067F9}.Debug|x86.ActiveCfg = Debug|Any CPU
		{F8E2CE79-5FE4-4DBF-B8E5-9F2E6CF067F9}.Debug|x86.Build.0 = Debug|Any CPU
		{F8E2CE79-5FE4-4DBF-B8E5-9F2E6CF067F9}.Release|Any CPU.ActiveCfg = Release|Any CPU
		{F8E2CE79-5FE4-4DBF-B8E5-9F2E6CF067F9}.Release|Any CPU.Build.0 = Release|Any CPU
		{F8E2CE79-5FE4-4DBF-B8E5-9F2E6CF067F9}.Release|x64.ActiveCfg = Release|Any CPU
		{F8E2CE79-5FE4-4DBF-B8E5-9F2E6CF067F9}.Release|x64.Build.0 = Release|Any CPU
		{F8E2CE79-5FE4-4DBF-B8E5-9F2E6CF067F9}.Release|x86.ActiveCfg = Release|Any CPU
		{F8E2CE79-5FE4-4DBF-B8E5-9F2E6CF067F9}.Release|x86.Build.0 = Release|Any CPU
		{C18DD576-99D5-45BB-9650-B7278DC9851E}.Debug|Any CPU.ActiveCfg = Debug|Any CPU
		{C18DD576-99D5-45BB-9650-B7278DC9851E}.Debug|Any CPU.Build.0 = Debug|Any CPU
		{C18DD576-99D5-45BB-9650-B7278DC9851E}.Debug|x64.ActiveCfg = Debug|Any CPU
		{C18DD576-99D5-45BB-9650-B7278DC9851E}.Debug|x64.Build.0 = Debug|Any CPU
		{C18DD576-99D5-45BB-9650-B7278DC9851E}.Debug|x86.ActiveCfg = Debug|Any CPU
		{C18DD576-99D5-45BB-9650-B7278DC9851E}.Debug|x86.Build.0 = Debug|Any CPU
		{C18DD576-99D5-45BB-9650-B7278DC9851E}.Release|Any CPU.ActiveCfg = Release|Any CPU
		{C18DD576-99D5-45BB-9650-B7278DC9851E}.Release|Any CPU.Build.0 = Release|Any CPU
		{C18DD576-99D5-45BB-9650-B7278DC9851E}.Release|x64.ActiveCfg = Release|Any CPU
		{C18DD576-99D5-45BB-9650-B7278DC9851E}.Release|x64.Build.0 = Release|Any CPU
		{C18DD576-99D5-45BB-9650-B7278DC9851E}.Release|x86.ActiveCfg = Release|Any CPU
		{C18DD576-99D5-45BB-9650-B7278DC9851E}.Release|x86.Build.0 = Release|Any CPU
		{7F0EF17B-60A4-42FE-AE60-8DCE127422A5}.Debug|Any CPU.ActiveCfg = Debug|Any CPU
		{7F0EF17B-60A4-42FE-AE60-8DCE127422A5}.Debug|Any CPU.Build.0 = Debug|Any CPU
		{7F0EF17B-60A4-42FE-AE60-8DCE127422A5}.Debug|x64.ActiveCfg = Debug|Any CPU
		{7F0EF17B-60A4-42FE-AE60-8DCE127422A5}.Debug|x64.Build.0 = Debug|Any CPU
		{7F0EF17B-60A4-42FE-AE60-8DCE127422A5}.Debug|x86.ActiveCfg = Debug|Any CPU
		{7F0EF17B-60A4-42FE-AE60-8DCE127422A5}.Debug|x86.Build.0 = Debug|Any CPU
		{7F0EF17B-60A4-42FE-AE60-8DCE127422A5}.Release|Any CPU.ActiveCfg = Release|Any CPU
		{7F0EF17B-60A4-42FE-AE60-8DCE127422A5}.Release|Any CPU.Build.0 = Release|Any CPU
		{7F0EF17B-60A4-42FE-AE60-8DCE127422A5}.Release|x64.ActiveCfg = Release|Any CPU
		{7F0EF17B-60A4-42FE-AE60-8DCE127422A5}.Release|x64.Build.0 = Release|Any CPU
		{7F0EF17B-60A4-42FE-AE60-8DCE127422A5}.Release|x86.ActiveCfg = Release|Any CPU
		{7F0EF17B-60A4-42FE-AE60-8DCE127422A5}.Release|x86.Build.0 = Release|Any CPU
	EndGlobalSection
EndGlobal
