
Microsoft Visual Studio Solution File, Format Version 12.00
# Visual Studio 15
VisualStudioVersion = 15.0.26124.0
MinimumVisualStudioVersion = 15.0.26124.0
Project("{FAE04EC0-301F-11D3-BF4B-00C04F79EFBC}") = "Persistence", "Persistence\Persistence.csproj", "{3629EAC7-0AB2-4F0F-956F-4DF2EB85DAC8}"
EndProject
Project("{FAE04EC0-301F-11D3-BF4B-00C04F79EFBC}") = "DAL", "DAL\DAL.csproj", "{7ED4403B-3B47-4493-A65E-3BB429C8A43F}"
EndProject
Project("{FAE04EC0-301F-11D3-BF4B-00C04F79EFBC}") = "BL", "BL\BL.csproj", "{1525FBAA-8683-4215-9E29-F09909C7CD79}"
EndProject
Project("{FAE04EC0-301F-11D3-BF4B-00C04F79EFBC}") = "PL_Console", "PL_Console\PL_Console.csproj", "{C2B3D0C1-BE76-4953-8040-6D974B88452E}"
EndProject
Project("{FAE04EC0-301F-11D3-BF4B-00C04F79EFBC}") = "BL_Test", "BL_Test\BL_Test.csproj", "{8CF8FB91-49D2-4D25-A917-964DBAC163DA}"
EndProject
Project("{FAE04EC0-301F-11D3-BF4B-00C04F79EFBC}") = "DAL_Test", "DAL_Test\DAL_Test.csproj", "{8B825672-FDAF-4DB1-9544-13FD511A38BA}"
EndProject
Global
	GlobalSection(SolutionConfigurationPlatforms) = preSolution
		Debug|Any CPU = Debug|Any CPU
		Debug|x64 = Debug|x64
		Debug|x86 = Debug|x86
		Release|Any CPU = Release|Any CPU
		Release|x64 = Release|x64
		Release|x86 = Release|x86
	EndGlobalSection
	GlobalSection(SolutionProperties) = preSolution
		HideSolutionNode = FALSE
	EndGlobalSection
	GlobalSection(ProjectConfigurationPlatforms) = postSolution
		{3629EAC7-0AB2-4F0F-956F-4DF2EB85DAC8}.Debug|Any CPU.ActiveCfg = Debug|Any CPU
		{3629EAC7-0AB2-4F0F-956F-4DF2EB85DAC8}.Debug|Any CPU.Build.0 = Debug|Any CPU
		{3629EAC7-0AB2-4F0F-956F-4DF2EB85DAC8}.Debug|x64.ActiveCfg = Debug|Any CPU
		{3629EAC7-0AB2-4F0F-956F-4DF2EB85DAC8}.Debug|x64.Build.0 = Debug|Any CPU
		{3629EAC7-0AB2-4F0F-956F-4DF2EB85DAC8}.Debug|x86.ActiveCfg = Debug|Any CPU
		{3629EAC7-0AB2-4F0F-956F-4DF2EB85DAC8}.Debug|x86.Build.0 = Debug|Any CPU
		{3629EAC7-0AB2-4F0F-956F-4DF2EB85DAC8}.Release|Any CPU.ActiveCfg = Release|Any CPU
		{3629EAC7-0AB2-4F0F-956F-4DF2EB85DAC8}.Release|Any CPU.Build.0 = Release|Any CPU
		{3629EAC7-0AB2-4F0F-956F-4DF2EB85DAC8}.Release|x64.ActiveCfg = Release|Any CPU
		{3629EAC7-0AB2-4F0F-956F-4DF2EB85DAC8}.Release|x64.Build.0 = Release|Any CPU
		{3629EAC7-0AB2-4F0F-956F-4DF2EB85DAC8}.Release|x86.ActiveCfg = Release|Any CPU
		{3629EAC7-0AB2-4F0F-956F-4DF2EB85DAC8}.Release|x86.Build.0 = Release|Any CPU
		{7ED4403B-3B47-4493-A65E-3BB429C8A43F}.Debug|Any CPU.ActiveCfg = Debug|Any CPU
		{7ED4403B-3B47-4493-A65E-3BB429C8A43F}.Debug|Any CPU.Build.0 = Debug|Any CPU
		{7ED4403B-3B47-4493-A65E-3BB429C8A43F}.Debug|x64.ActiveCfg = Debug|Any CPU
		{7ED4403B-3B47-4493-A65E-3BB429C8A43F}.Debug|x64.Build.0 = Debug|Any CPU
		{7ED4403B-3B47-4493-A65E-3BB429C8A43F}.Debug|x86.ActiveCfg = Debug|Any CPU
		{7ED4403B-3B47-4493-A65E-3BB429C8A43F}.Debug|x86.Build.0 = Debug|Any CPU
		{7ED4403B-3B47-4493-A65E-3BB429C8A43F}.Release|Any CPU.ActiveCfg = Release|Any CPU
		{7ED4403B-3B47-4493-A65E-3BB429C8A43F}.Release|Any CPU.Build.0 = Release|Any CPU
		{7ED4403B-3B47-4493-A65E-3BB429C8A43F}.Release|x64.ActiveCfg = Release|Any CPU
		{7ED4403B-3B47-4493-A65E-3BB429C8A43F}.Release|x64.Build.0 = Release|Any CPU
		{7ED4403B-3B47-4493-A65E-3BB429C8A43F}.Release|x86.ActiveCfg = Release|Any CPU
		{7ED4403B-3B47-4493-A65E-3BB429C8A43F}.Release|x86.Build.0 = Release|Any CPU
		{1525FBAA-8683-4215-9E29-F09909C7CD79}.Debug|Any CPU.ActiveCfg = Debug|Any CPU
		{1525FBAA-8683-4215-9E29-F09909C7CD79}.Debug|Any CPU.Build.0 = Debug|Any CPU
		{1525FBAA-8683-4215-9E29-F09909C7CD79}.Debug|x64.ActiveCfg = Debug|Any CPU
		{1525FBAA-8683-4215-9E29-F09909C7CD79}.Debug|x64.Build.0 = Debug|Any CPU
		{1525FBAA-8683-4215-9E29-F09909C7CD79}.Debug|x86.ActiveCfg = Debug|Any CPU
		{1525FBAA-8683-4215-9E29-F09909C7CD79}.Debug|x86.Build.0 = Debug|Any CPU
		{1525FBAA-8683-4215-9E29-F09909C7CD79}.Release|Any CPU.ActiveCfg = Release|Any CPU
		{1525FBAA-8683-4215-9E29-F09909C7CD79}.Release|Any CPU.Build.0 = Release|Any CPU
		{1525FBAA-8683-4215-9E29-F09909C7CD79}.Release|x64.ActiveCfg = Release|Any CPU
		{1525FBAA-8683-4215-9E29-F09909C7CD79}.Release|x64.Build.0 = Release|Any CPU
		{1525FBAA-8683-4215-9E29-F09909C7CD79}.Release|x86.ActiveCfg = Release|Any CPU
		{1525FBAA-8683-4215-9E29-F09909C7CD79}.Release|x86.Build.0 = Release|Any CPU
		{C2B3D0C1-BE76-4953-8040-6D974B88452E}.Debug|Any CPU.ActiveCfg = Debug|Any CPU
		{C2B3D0C1-BE76-4953-8040-6D974B88452E}.Debug|Any CPU.Build.0 = Debug|Any CPU
		{C2B3D0C1-BE76-4953-8040-6D974B88452E}.Debug|x64.ActiveCfg = Debug|Any CPU
		{C2B3D0C1-BE76-4953-8040-6D974B88452E}.Debug|x64.Build.0 = Debug|Any CPU
		{C2B3D0C1-BE76-4953-8040-6D974B88452E}.Debug|x86.ActiveCfg = Debug|Any CPU
		{C2B3D0C1-BE76-4953-8040-6D974B88452E}.Debug|x86.Build.0 = Debug|Any CPU
		{C2B3D0C1-BE76-4953-8040-6D974B88452E}.Release|Any CPU.ActiveCfg = Release|Any CPU
		{C2B3D0C1-BE76-4953-8040-6D974B88452E}.Release|Any CPU.Build.0 = Release|Any CPU
		{C2B3D0C1-BE76-4953-8040-6D974B88452E}.Release|x64.ActiveCfg = Release|Any CPU
		{C2B3D0C1-BE76-4953-8040-6D974B88452E}.Release|x64.Build.0 = Release|Any CPU
		{C2B3D0C1-BE76-4953-8040-6D974B88452E}.Release|x86.ActiveCfg = Release|Any CPU
		{C2B3D0C1-BE76-4953-8040-6D974B88452E}.Release|x86.Build.0 = Release|Any CPU
		{8CF8FB91-49D2-4D25-A917-964DBAC163DA}.Debug|Any CPU.ActiveCfg = Debug|Any CPU
		{8CF8FB91-49D2-4D25-A917-964DBAC163DA}.Debug|Any CPU.Build.0 = Debug|Any CPU
		{8CF8FB91-49D2-4D25-A917-964DBAC163DA}.Debug|x64.ActiveCfg = Debug|Any CPU
		{8CF8FB91-49D2-4D25-A917-964DBAC163DA}.Debug|x64.Build.0 = Debug|Any CPU
		{8CF8FB91-49D2-4D25-A917-964DBAC163DA}.Debug|x86.ActiveCfg = Debug|Any CPU
		{8CF8FB91-49D2-4D25-A917-964DBAC163DA}.Debug|x86.Build.0 = Debug|Any CPU
		{8CF8FB91-49D2-4D25-A917-964DBAC163DA}.Release|Any CPU.ActiveCfg = Release|Any CPU
		{8CF8FB91-49D2-4D25-A917-964DBAC163DA}.Release|Any CPU.Build.0 = Release|Any CPU
		{8CF8FB91-49D2-4D25-A917-964DBAC163DA}.Release|x64.ActiveCfg = Release|Any CPU
		{8CF8FB91-49D2-4D25-A917-964DBAC163DA}.Release|x64.Build.0 = Release|Any CPU
		{8CF8FB91-49D2-4D25-A917-964DBAC163DA}.Release|x86.ActiveCfg = Release|Any CPU
		{8CF8FB91-49D2-4D25-A917-964DBAC163DA}.Release|x86.Build.0 = Release|Any CPU
		{8B825672-FDAF-4DB1-9544-13FD511A38BA}.Debug|Any CPU.ActiveCfg = Debug|Any CPU
		{8B825672-FDAF-4DB1-9544-13FD511A38BA}.Debug|Any CPU.Build.0 = Debug|Any CPU
		{8B825672-FDAF-4DB1-9544-13FD511A38BA}.Debug|x64.ActiveCfg = Debug|Any CPU
		{8B825672-FDAF-4DB1-9544-13FD511A38BA}.Debug|x64.Build.0 = Debug|Any CPU
		{8B825672-FDAF-4DB1-9544-13FD511A38BA}.Debug|x86.ActiveCfg = Debug|Any CPU
		{8B825672-FDAF-4DB1-9544-13FD511A38BA}.Debug|x86.Build.0 = Debug|Any CPU
		{8B825672-FDAF-4DB1-9544-13FD511A38BA}.Release|Any CPU.ActiveCfg = Release|Any CPU
		{8B825672-FDAF-4DB1-9544-13FD511A38BA}.Release|Any CPU.Build.0 = Release|Any CPU
		{8B825672-FDAF-4DB1-9544-13FD511A38BA}.Release|x64.ActiveCfg = Release|Any CPU
		{8B825672-FDAF-4DB1-9544-13FD511A38BA}.Release|x64.Build.0 = Release|Any CPU
		{8B825672-FDAF-4DB1-9544-13FD511A38BA}.Release|x86.ActiveCfg = Release|Any CPU
		{8B825672-FDAF-4DB1-9544-13FD511A38BA}.Release|x86.Build.0 = Release|Any CPU
	EndGlobalSection
EndGlobal
